
Microsoft Visual Studio Solution File, Format Version 12.00
# Visual Studio Version 16
VisualStudioVersion = 16.0.29709.97
MinimumVisualStudioVersion = 10.0.40219.1
Project("{9A19103F-16F7-4668-BE54-9A1E7A4F7556}") = "CMSApp", "CMSApp\CMSApp.csproj", "{7715D5F2-7775-4377-AA73-0250FC4A1B0D}"
EndProject
Project("{FAE04EC0-301F-11D3-BF4B-00C04F79EFBC}") = "LoggingService", "LoggingService\LoggingService.csproj", "{DA90DB4B-EA43-486E-A517-53B637BBB6CA}"
EndProject
Global
	GlobalSection(SolutionConfigurationPlatforms) = preSolution
		Debug|Any CPU = Debug|Any CPU
		Release|Any CPU = Release|Any CPU
	EndGlobalSection
	GlobalSection(ProjectConfigurationPlatforms) = postSolution
		{7715D5F2-7775-4377-AA73-0250FC4A1B0D}.Debug|Any CPU.ActiveCfg = Debug|Any CPU
		{7715D5F2-7775-4377-AA73-0250FC4A1B0D}.Debug|Any CPU.Build.0 = Debug|Any CPU
		{7715D5F2-7775-4377-AA73-0250FC4A1B0D}.Release|Any CPU.ActiveCfg = Release|Any CPU
		{7715D5F2-7775-4377-AA73-0250FC4A1B0D}.Release|Any CPU.Build.0 = Release|Any CPU
		{DA90DB4B-EA43-486E-A517-53B637BBB6CA}.Debug|Any CPU.ActiveCfg = Debug|Any CPU
		{DA90DB4B-EA43-486E-A517-53B637BBB6CA}.Debug|Any CPU.Build.0 = Debug|Any CPU
		{DA90DB4B-EA43-486E-A517-53B637BBB6CA}.Release|Any CPU.ActiveCfg = Release|Any CPU
		{DA90DB4B-EA43-486E-A517-53B637BBB6CA}.Release|Any CPU.Build.0 = Release|Any CPU
	EndGlobalSection
	GlobalSection(SolutionProperties) = preSolution
		HideSolutionNode = FALSE
	EndGlobalSection
	GlobalSection(ExtensibilityGlobals) = postSolution
		SolutionGuid = {1E8D6FDC-978D-40A9-8123-25AC729BA742}
	EndGlobalSection
EndGlobal
